#
# This file is autogenerated by pip-compile
# To update, run:
#
#    pip-compile --generate-hashes --output-file requirements.txt.lock requirements.txt setup.py
#
aiohttp==2.2.3 \
    --hash=sha256:997d89e884c6b90a7a891b676f65ca30ca331ceab0b2db6810210b4a984c87f8 \
    --hash=sha256:a08d8857f5ea7e1010eab8f8137538ddca0700070897065e89ec470d7e66d029
aiorwlock==0.4.0 \
    --hash=sha256:4247c575dfb396c4afc6e25fad715a56029013ccf1e3b3c22e972df7ae06bbc2 \
    --hash=sha256:ca4dead49899e0c6a32d7582e31c33dcf5cf9aadda16c0c5eb84e9badc899109
async-timeout==1.2.1 \
    --hash=sha256:380e9bfd4c009a14931ffe487499b0906b00b3378bb743542cfd9fbb6d8e4657 \
    --hash=sha256:fe2f598eb140a444cc4ba15010f109259ad8eebcb11a9107fdb9ea32139bc722 \
    # via aiohttp
attrs==17.2.0 \
    --hash=sha256:5d4d1b99f94d69338f485984127e4473b3ab9e20f43821b0e546cc3b2302fd11 \
    --hash=sha256:a7e0d9183f6457de12df7ba6a81f6569c7d6b25f67ad509b5ad52e8545970a2f
cachetools==2.0.0 \
    --hash=sha256:715a7202240dc20dbe83abdb2d804d543e2d4f07af146f53c82166bd75f3a628 \
    --hash=sha256:cc4cb596b399c292a37ffdfdc713463da4feb81e18ca663e1ba2f89436cae0c1
cffi==1.10.0 \
    --hash=sha256:4fc9c2ff7924b3a1fa326e1799e5dd58cac585d7fb25fe53ccaa1333b0453d65 \
    --hash=sha256:b3b02911eb1f6ada203b0763ba924234629b51586f72a21faacc638269f4ced5
chardet==3.0.4 \
    --hash=sha256:84ab92ed1c4d4f16916e05906b6b75a6c0fb5db821cc65e70cbd64a3e2a5eaae \
    --hash=sha256:fc323ffcaeaed0e0a02bf4d117757b98aed530d9ed4531e3e15460124c106691 \
    # via aiohttp
coloredlogs==7.0 \
    --hash=sha256:4d114bf0333c112d78bb287c1f8df2069d93e6cd2b5b3165c7a1c920e1ebfd7a \
    --hash=sha256:8613d6590012af94a7eb8dc945e4caf34cb17587cacf40538b7bebf88efe21fa
colorlog==2.10.0 \
    --hash=sha256:188a8f47b797fdf001891b5a55263789a2fda0ba7ba4c44f12741d0a8d5e9e03 \
    --hash=sha256:229cd0794a19d8f33b2b4a4b70e1225b6c010af96c2dc8615279abbc1bb3929a
cython==0.25.2 \
    --hash=sha256:b1c8f489e5ce9c961bff89f8d3e84e8f4da366e0c7aae81f46ec6401446ef8ff \
    --hash=sha256:f141d1f9c27a07b5a93f7dc5339472067e2d7140d1c5a9e20112a5665ca60306
docopt==0.6.2 \
    --hash=sha256:49b3a825280bd66b3aa83585ef59c4a8c82f2c8a522dbe754a8bc8d08c85c491 \
    # via hbmqtt
hbmqtt==0.9 \
    --hash=sha256:9e290992f66424f0ab67c790c839d76dc1c477329a8fab6a6c466362180ff07f
humanfriendly==3.8 \
    --hash=sha256:013caf401eb478d0b77be66f2b7704714ba4b62fa95f8020640ff5fdebdb72d5 \
    --hash=sha256:bbd336947a1f90524ffc7772f9e2aa2fff6a1c3096b8c34dd6900b5c3ec1fe1d \
    # via coloredlogs
kawaiisync==0.3.3 \
    --hash=sha256:3c9ff7979dbb381098fea275dc22e13969ec5eab0f7b3bd01b3d01a2f7ded8de \
    --hash=sha256:aead63fc3bcec21b614c05310bc3e1df1b837f1eb88503a2758df9f456ac9e5c
mainline==0.4.3 \
    --hash=sha256:8225b3b24067898704c86f5c570d3626c8002c1632f1741702b9c0b8fc3b5aea \
    --hash=sha256:847d62ad8b09b9e563794a0ccd1baa1329774de03efe295ea50df9a3dc7c78a4
meinconf==0.0.5 \
    --hash=sha256:19fc9792c72a717e4a9662cf28906c06a7d0dea7bc6517b3eaa4339fbd6e8c26 \
    --hash=sha256:d4c9683994ab535cf0d41ff27ac91b98a5dfb1c950407f277666d154664da714
multidict==3.1.0 \
    --hash=sha256:2fbeee053d3abc56240ca6f9536d866e3ec5ee37aebce5d2751458c6388ae77a \
    --hash=sha256:e2ca81ed62eca10152e8131900dc8e66b22a1a4bcd077b09d15e591bada6f593 \
    # via aiohttp, yarl
paco==0.1.11 \
    --hash=sha256:565a81da830de037f8737d8363d36e7710a1ec26d0d6cf11c94be5ca9a1e5130 \
    --hash=sha256:bf4266915467f51d86ae71f446f2bd812cd6f913a798a09dfad6e1c8de4db362
passlib==1.7.1 \
    --hash=sha256:3d948f64138c25633613f303bcc471126eae67c04d5e3f6b7b8ce6242f8653e0 \
    --hash=sha256:43526aea08fa32c6b6dbbbe9963c4c767285b78147b7437597f992812f69d280 \
    # via hbmqtt
pycparser==2.18 \
    --hash=sha256:99a8ca03e29851d96616ad0404b4aad7d9ee16f25c9f9708a11faf2810f7b226 \
    # via cffi
python-mpv==0.2.5 \
    --hash=sha256:4c838b6eb34ebc8fc9f62a47397b461144363ed1694e3abfa549518c57b8cd68
pyyaml==3.12 \
    --hash=sha256:592766c6303207a20efc445587778322d7f73b161bd994f227adaa341ba212ab \
    --hash=sha256:5ac82e411044fb129bae5cfbeb3ba626acb2af31a8d17d175004b70862a741a7 \
    # via hbmqtt
rwlock==0.0.5 \
    --hash=sha256:70237c89a6c51e12395cda01cc639a6c2e558e3618aa59828bc87b6a89e35ca2
setproctitle==1.1.10 \
    --hash=sha256:6283b7a58477dd8478fbb9e76defb37968ee4ba47b05ec1c053cb39638bd7398 \
    --hash=sha256:6a035eddac62898786aed2c2eee7334c28cfc8106e8eb29fdd117cac56c6cdf0
six==1.10.0 \
    --hash=sha256:0ff78c403d9bccf5a425a6d31a12aa6b47f1c21ca4dc2573a7e2f32a97335eb1 \
    --hash=sha256:105f8d68616f8248e24bf0e9372ef04d3cc10104f1980f54d57b2ce73a5ad56a
sortedcontainers==1.5.7 \
    --hash=sha256:0ff0442865e492bc50476b18000fb8400cf2472d14d21a92b27cd7c5184550ea \
    --hash=sha256:50aab871935fbeb07ea5108ba8078f1665531e59c6feb8057aa70d19215f5d8a \
    # via uninhibited
transitions==0.2.5 \
    --hash=sha256:c9f882c352f7db772796aedcb182dd84f3487c1fad81677829f04239b1c76bc1 \
    # via hbmqtt
uninhibited==1.0.4 \
    --hash=sha256:a0f056cad64675475e7370eaf78213974a22a1478e09efe7ff8003173073365a \
    --hash=sha256:b4c69ec90e498f5e736103897e90e9521aa97ed4681b75e8e5f6789ac5a3221f
uvloop==0.8.0 \
    --hash=sha256:2c22f1f0b6e00e99f5ee635993e5f26418e740bd26f1214cf78c70f237eec06b \
    --hash=sha256:3a32f462556b57d590d1d9ec47b16ccdd77ac5d03c17479ff9ceeeafd378abf4
websockets==3.3 \
    --hash=sha256:1c5d186cef232011365ea58f611eeeac9417c82e46c70ef65ac019d339dc6fb0 \
    --hash=sha256:305ab7fdd86afd08c2723461c949e153f7b01233f95a108619a15e41b7a74c93
wrapt==1.10.10 \
    --hash=sha256:42160c91b77f1bc64a955890038e02f2f72986c01d462d53cb6cb039b995cdd9 \
    # via mainline
yarl==0.11.0 \
    --hash=sha256:51b92ef78e322cb2c93839c404de5ae33e852cab665fc99652fa89d7ab16e761 \
    --hash=sha256:f0fa3a44cc463ddc2257e17d7aa162069c921d662a17b1d7d963f417717ecb31
youtube-dl==2017.7.2 \
    --hash=sha256:4906b5033f7067e7e03bd42bf13cdb5026da62c971962e20a7864de1d5dd6e8d \
    --hash=sha256:abb817f152b89dbab910ff7a3837f1f772e25f816d28c4319bc177e82cfc3f41
